// !$*UTF8*$!
{
	archiveVersion = 1;
	classes = {
	};
	objectVersion = 50;
	objects = {

/* Begin PBXBuildFile section */
		BA8B2E6D20E507B100E06EE8 /* vmm in Resources */ = {isa = PBXBuildFile; fileRef = BA8B2E6C20E507B100E06EE8 /* vmm */; };
		BA8B2E6F20E50BD800E06EE8 /* api.cpp in Sources */ = {isa = PBXBuildFile; fileRef = BA8B2E6E20E50BD800E06EE8 /* api.cpp */; };
		BA8B2E7320EB966500E06EE8 /* vmx.c in Sources */ = {isa = PBXBuildFile; fileRef = BA8B2E7220EB966500E06EE8 /* vmx.c */; };
		BA8B2E7520FDEFE700E06EE8 /* guest.s in Sources */ = {isa = PBXBuildFile; fileRef = BA8B2E7420FDEFE700E06EE8 /* guest.s */; };
		BA8B2E7720FDF21600E06EE8 /* vmentry.s in Sources */ = {isa = PBXBuildFile; fileRef = BA8B2E7620FDF21600E06EE8 /* vmentry.s */; };
		BA91AC0920E27F1300C6BC71 /* module.c in Sources */ = {isa = PBXBuildFile; fileRef = BA91AC0720E27F1300C6BC71 /* module.c */; };
/* End PBXBuildFile section */

/* Begin PBXFileReference section */
		BA8B2E6C20E507B100E06EE8 /* vmm */ = {isa = PBXFileReference; lastKnownFileType = folder; path = vmm; sourceTree = "<group>"; };
		BA8B2E6E20E50BD800E06EE8 /* api.cpp */ = {isa = PBXFileReference; fileEncoding = 4; indentWidth = 8; lastKnownFileType = sourcecode.cpp.cpp; path = api.cpp; sourceTree = "<group>"; tabWidth = 8; };
		BA8B2E7220EB966500E06EE8 /* vmx.c */ = {isa = PBXFileReference; fileEncoding = 4; indentWidth = 8; lastKnownFileType = sourcecode.c.c; name = vmx.c; path = vmm/vmx.c; sourceTree = SOURCE_ROOT; tabWidth = 8; };
		BA8B2E7420FDEFE700E06EE8 /* guest.s */ = {isa = PBXFileReference; indentWidth = 8; lastKnownFileType = sourcecode.asm; path = guest.s; sourceTree = "<group>"; tabWidth = 8; };
		BA8B2E7620FDF21600E06EE8 /* vmentry.s */ = {isa = PBXFileReference; indentWidth = 8; lastKnownFileType = sourcecode.asm; path = vmentry.s; sourceTree = "<group>"; tabWidth = 8; };
		BA91ABFC20E27C5500C6BC71 /* vmlatency.kext */ = {isa = PBXFileReference; explicitFileType = wrapper.cfbundle; includeInIndex = 0; path = vmlatency.kext; sourceTree = BUILT_PRODUCTS_DIR; };
		BA91AC0720E27F1300C6BC71 /* module.c */ = {isa = PBXFileReference; fileEncoding = 4; indentWidth = 8; lastKnownFileType = sourcecode.c.c; path = module.c; sourceTree = "<group>"; tabWidth = 8; };
		BA91AC0820E27F1300C6BC71 /* vmlatency-Info.plist */ = {isa = PBXFileReference; fileEncoding = 4; lastKnownFileType = text.plist.xml; path = "vmlatency-Info.plist"; sourceTree = "<group>"; };
/* End PBXFileReference section */

/* Begin PBXFrameworksBuildPhase section */
		BA91ABF820E27C5500C6BC71 /* Frameworks */ = {
			isa = PBXFrameworksBuildPhase;
			buildActionMask = 2147483647;
			files = (
			);
			runOnlyForDeploymentPostprocessing = 0;
		};
/* End PBXFrameworksBuildPhase section */

/* Begin PBXGroup section */
		BA91ABF220E27C5500C6BC71 = {
			isa = PBXGroup;
			children = (
				BA8B2E6C20E507B100E06EE8 /* vmm */,
				BA91ABFE20E27C5500C6BC71 /* mac */,
				BA91ABFD20E27C5500C6BC71 /* Products */,
			);
			sourceTree = "<group>";
		};
		BA91ABFD20E27C5500C6BC71 /* Products */ = {
			isa = PBXGroup;
			children = (
				BA91ABFC20E27C5500C6BC71 /* vmlatency.kext */,
			);
			name = Products;
			sourceTree = "<group>";
		};
		BA91ABFE20E27C5500C6BC71 /* mac */ = {
			isa = PBXGroup;
			children = (
				BA8B2E7220EB966500E06EE8 /* vmx.c */,
				BA91AC0820E27F1300C6BC71 /* vmlatency-Info.plist */,
				BA91AC0720E27F1300C6BC71 /* module.c */,
				BA8B2E6E20E50BD800E06EE8 /* api.cpp */,
				BA8B2E7420FDEFE700E06EE8 /* guest.s */,
				BA8B2E7620FDF21600E06EE8 /* vmentry.s */,
			);
			path = mac;
			sourceTree = "<group>";
		};
/* End PBXGroup section */

/* Begin PBXHeadersBuildPhase section */
		BA91ABF920E27C5500C6BC71 /* Headers */ = {
			isa = PBXHeadersBuildPhase;
			buildActionMask = 2147483647;
			files = (
			);
			runOnlyForDeploymentPostprocessing = 0;
		};
/* End PBXHeadersBuildPhase section */

/* Begin PBXNativeTarget section */
		BA91ABFB20E27C5500C6BC71 /* vmlatency */ = {
			isa = PBXNativeTarget;
			buildConfigurationList = BA91AC0420E27C5500C6BC71 /* Build configuration list for PBXNativeTarget "vmlatency" */;
			buildPhases = (
				BA91ABF720E27C5500C6BC71 /* Sources */,
				BA91ABF820E27C5500C6BC71 /* Frameworks */,
				BA91ABF920E27C5500C6BC71 /* Headers */,
				BA91ABFA20E27C5500C6BC71 /* Resources */,
			);
			buildRules = (
			);
			dependencies = (
			);
			name = vmlatency;
			productName = vmlatency;
			productReference = BA91ABFC20E27C5500C6BC71 /* vmlatency.kext */;
			productType = "com.apple.product-type.kernel-extension";
		};
/* End PBXNativeTarget section */

/* Begin PBXProject section */
		BA91ABF320E27C5500C6BC71 /* Project object */ = {
			isa = PBXProject;
			attributes = {
				LastUpgradeCheck = 0940;
				ORGANIZATIONNAME = "Evgeny Yulyugin";
				TargetAttributes = {
					BA91ABFB20E27C5500C6BC71 = {
						CreatedOnToolsVersion = 9.4;
					};
				};
			};
			buildConfigurationList = BA91ABF620E27C5500C6BC71 /* Build configuration list for PBXProject "vmlatency" */;
			compatibilityVersion = "Xcode 9.3";
			developmentRegion = en;
			hasScannedForEncodings = 0;
			knownRegions = (
				en,
			);
			mainGroup = BA91ABF220E27C5500C6BC71;
			productRefGroup = BA91ABFD20E27C5500C6BC71 /* Products */;
			projectDirPath = "";
			projectRoot = "";
			targets = (
				BA91ABFB20E27C5500C6BC71 /* vmlatency */,
			);
		};
/* End PBXProject section */

/* Begin PBXResourcesBuildPhase section */
		BA91ABFA20E27C5500C6BC71 /* Resources */ = {
			isa = PBXResourcesBuildPhase;
			buildActionMask = 2147483647;
			files = (
				BA8B2E6D20E507B100E06EE8 /* vmm in Resources */,
			);
			runOnlyForDeploymentPostprocessing = 0;
		};
/* End PBXResourcesBuildPhase section */

/* Begin PBXSourcesBuildPhase section */
		BA91ABF720E27C5500C6BC71 /* Sources */ = {
			isa = PBXSourcesBuildPhase;
			buildActionMask = 2147483647;
			files = (
				BA8B2E7720FDF21600E06EE8 /* vmentry.s in Sources */,
				BA8B2E7520FDEFE700E06EE8 /* guest.s in Sources */,
				BA8B2E7320EB966500E06EE8 /* vmx.c in Sources */,
				BA8B2E6F20E50BD800E06EE8 /* api.cpp in Sources */,
				BA91AC0920E27F1300C6BC71 /* module.c in Sources */,
			);
			runOnlyForDeploymentPostprocessing = 0;
		};
/* End PBXSourcesBuildPhase section */

/* Begin XCBuildConfiguration section */
		BA91AC0220E27C5500C6BC71 /* Debug */ = {
			isa = XCBuildConfiguration;
			buildSettings = {
				ALWAYS_SEARCH_USER_PATHS = NO;
				CLANG_ANALYZER_NONNULL = YES;
				CLANG_ANALYZER_NUMBER_OBJECT_CONVERSION = YES_AGGRESSIVE;
				CLANG_CXX_LANGUAGE_STANDARD = "gnu++14";
				CLANG_CXX_LIBRARY = "libc++";
				CLANG_ENABLE_MODULES = YES;
				CLANG_ENABLE_OBJC_ARC = YES;
				CLANG_ENABLE_OBJC_WEAK = YES;
				CLANG_WARN_BLOCK_CAPTURE_AUTORELEASING = YES;
				CLANG_WARN_BOOL_CONVERSION = YES;
				CLANG_WARN_COMMA = YES;
				CLANG_WARN_CONSTANT_CONVERSION = YES;
				CLANG_WARN_DEPRECATED_OBJC_IMPLEMENTATIONS = YES;
				CLANG_WARN_DIRECT_OBJC_ISA_USAGE = YES_ERROR;
				CLANG_WARN_DOCUMENTATION_COMMENTS = YES;
				CLANG_WARN_EMPTY_BODY = YES;
				CLANG_WARN_ENUM_CONVERSION = YES;
				CLANG_WARN_INFINITE_RECURSION = YES;
				CLANG_WARN_INT_CONVERSION = YES;
				CLANG_WARN_NON_LITERAL_NULL_CONVERSION = YES;
				CLANG_WARN_OBJC_IMPLICIT_RETAIN_SELF = YES;
				CLANG_WARN_OBJC_LITERAL_CONVERSION = YES;
				CLANG_WARN_OBJC_ROOT_CLASS = YES_ERROR;
				CLANG_WARN_RANGE_LOOP_ANALYSIS = YES;
				CLANG_WARN_STRICT_PROTOTYPES = YES;
				CLANG_WARN_SUSPICIOUS_MOVE = YES;
				CLANG_WARN_UNGUARDED_AVAILABILITY = YES_AGGRESSIVE;
				CLANG_WARN_UNREACHABLE_CODE = YES;
				CLANG_WARN__DUPLICATE_METHOD_MATCH = YES;
				CODE_SIGN_IDENTITY = "-";
				COPY_PHASE_STRIP = NO;
				DEBUG_INFORMATION_FORMAT = dwarf;
				ENABLE_STRICT_OBJC_MSGSEND = YES;
				ENABLE_TESTABILITY = YES;
				GCC_C_LANGUAGE_STANDARD = gnu11;
				GCC_DYNAMIC_NO_PIC = NO;
				GCC_NO_COMMON_BLOCKS = YES;
				GCC_OPTIMIZATION_LEVEL = 0;
				GCC_PREPROCESSOR_DEFINITIONS = (
					"DEBUG=1",
					"$(inherited)",
				);
				GCC_WARN_64_TO_32_BIT_CONVERSION = YES;
				GCC_WARN_ABOUT_RETURN_TYPE = YES_ERROR;
				GCC_WARN_UNDECLARED_SELECTOR = YES;
				GCC_WARN_UNINITIALIZED_AUTOS = YES_AGGRESSIVE;
				GCC_WARN_UNUSED_FUNCTION = YES;
				GCC_WARN_UNUSED_VARIABLE = YES;
				MACOSX_DEPLOYMENT_TARGET = 10.13;
				MTL_ENABLE_DEBUG_INFO = YES;
				ONLY_ACTIVE_ARCH = YES;
				SDKROOT = macosx;
			};
			name = Debug;
		};
		BA91AC0320E27C5500C6BC71 /* Release */ = {
			isa = XCBuildConfiguration;
			buildSettings = {
				ALWAYS_SEARCH_USER_PATHS = NO;
				CLANG_ANALYZER_NONNULL = YES;
				CLANG_ANALYZER_NUMBER_OBJECT_CONVERSION = YES_AGGRESSIVE;
				CLANG_CXX_LANGUAGE_STANDARD = "gnu++14";
				CLANG_CXX_LIBRARY = "libc++";
				CLANG_ENABLE_MODULES = YES;
				CLANG_ENABLE_OBJC_ARC = YES;
				CLANG_ENABLE_OBJC_WEAK = YES;
				CLANG_WARN_BLOCK_CAPTURE_AUTORELEASING = YES;
				CLANG_WARN_BOOL_CONVERSION = YES;
				CLANG_WARN_COMMA = YES;
				CLANG_WARN_CONSTANT_CONVERSION = YES;
				CLANG_WARN_DEPRECATED_OBJC_IMPLEMENTATIONS = YES;
				CLANG_WARN_DIRECT_OBJC_ISA_USAGE = YES_ERROR;
				CLANG_WARN_DOCUMENTATION_COMMENTS = YES;
				CLANG_WARN_EMPTY_BODY = YES;
				CLANG_WARN_ENUM_CONVERSION = YES;
				CLANG_WARN_INFINITE_RECURSION = YES;
				CLANG_WARN_INT_CONVERSION = YES;
				CLANG_WARN_NON_LITERAL_NULL_CONVERSION = YES;
				CLANG_WARN_OBJC_IMPLICIT_RETAIN_SELF = YES;
				CLANG_WARN_OBJC_LITERAL_CONVERSION = YES;
				CLANG_WARN_OBJC_ROOT_CLASS = YES_ERROR;
				CLANG_WARN_RANGE_LOOP_ANALYSIS = YES;
				CLANG_WARN_STRICT_PROTOTYPES = YES;
				CLANG_WARN_SUSPICIOUS_MOVE = YES;
				CLANG_WARN_UNGUARDED_AVAILABILITY = YES_AGGRESSIVE;
				CLANG_WARN_UNREACHABLE_CODE = YES;
				CLANG_WARN__DUPLICATE_METHOD_MATCH = YES;
				CODE_SIGN_IDENTITY = "-";
				COPY_PHASE_STRIP = NO;
				DEBUG_INFORMATION_FORMAT = "dwarf-with-dsym";
				ENABLE_NS_ASSERTIONS = NO;
				ENABLE_STRICT_OBJC_MSGSEND = YES;
				GCC_C_LANGUAGE_STANDARD = gnu11;
				GCC_NO_COMMON_BLOCKS = YES;
				GCC_WARN_64_TO_32_BIT_CONVERSION = YES;
				GCC_WARN_ABOUT_RETURN_TYPE = YES_ERROR;
				GCC_WARN_UNDECLARED_SELECTOR = YES;
				GCC_WARN_UNINITIALIZED_AUTOS = YES_AGGRESSIVE;
				GCC_WARN_UNUSED_FUNCTION = YES;
				GCC_WARN_UNUSED_VARIABLE = YES;
				MACOSX_DEPLOYMENT_TARGET = 10.13;
				MTL_ENABLE_DEBUG_INFO = NO;
				SDKROOT = macosx;
			};
			name = Release;
		};
		BA91AC0520E27C5500C6BC71 /* Debug */ = {
			isa = XCBuildConfiguration;
			buildSettings = {
				CODE_SIGN_IDENTITY = "";
				CODE_SIGN_STYLE = Manual;
				INFOPLIST_FILE = "mac/vmlatency-Info.plist";
				MODULE_NAME = com.vmlatency;
				MODULE_START = vmlatency_start;
				MODULE_STOP = vmlatency_stop;
				MODULE_VERSION = 1.0.0d1;
				ONLY_ACTIVE_ARCH = NO;
				PRODUCT_BUNDLE_IDENTIFIER = com.vmlatency.kext;
				PRODUCT_NAME = vmlatency;
				"USER_HEADER_SEARCH_PATHS[arch=*]" = vmm;
				VALID_ARCHS = x86_64;
				WRAPPER_EXTENSION = kext;
			};
			name = Debug;
		};
		BA91AC0620E27C5500C6BC71 /* Release */ = {
			isa = XCBuildConfiguration;
			buildSettings = {
				CODE_SIGN_IDENTITY = "";
				CODE_SIGN_STYLE = Manual;
				INFOPLIST_FILE = "mac/vmlatency-Info.plist";
				MODULE_NAME = com.vmlatency;
				MODULE_START = vmlatency_start;
				MODULE_STOP = vmlatency_stop;
				MODULE_VERSION = 1.0.0d1;
				PRODUCT_BUNDLE_IDENTIFIER = com.vmlatency.kext;
				PRODUCT_NAME = vmlatency;
				"USER_HEADER_SEARCH_PATHS[arch=*]" = vmm;
				VALID_ARCHS = x86_64;
				WRAPPER_EXTENSION = kext;
			};
			name = Release;
		};
/* End XCBuildConfiguration section */

/* Begin XCConfigurationList section */
		BA91ABF620E27C5500C6BC71 /* Build configuration list for PBXProject "vmlatency" */ = {
			isa = XCConfigurationList;
			buildConfigurations = (
				BA91AC0220E27C5500C6BC71 /* Debug */,
				BA91AC0320E27C5500C6BC71 /* Release */,
			);
			defaultConfigurationIsVisible = 0;
			defaultConfigurationName = Release;
		};
		BA91AC0420E27C5500C6BC71 /* Build configuration list for PBXNativeTarget "vmlatency" */ = {
			isa = XCConfigurationList;
			buildConfigurations = (
				BA91AC0520E27C5500C6BC71 /* Debug */,
				BA91AC0620E27C5500C6BC71 /* Release */,
			);
			defaultConfigurationIsVisible = 0;
			defaultConfigurationName = Release;
		};
/* End XCConfigurationList section */
	};
	rootObject = BA91ABF320E27C5500C6BC71 /* Project object */;
}
